
Microsoft Visual Studio Solution File, Format Version 12.00
# Visual Studio 2013
VisualStudioVersion = 12.0.40629.0
MinimumVisualStudioVersion = 10.0.40219.1
Project("{FAE04EC0-301F-11D3-BF4B-00C04F79EFBC}") = "BL", "BL\BL.csproj", "{0285BC1F-6BDC-4A14-8DCB-C0768FB16AEE}"
EndProject
Project("{FAE04EC0-301F-11D3-BF4B-00C04F79EFBC}") = "DL", "DL\DL.csproj", "{1E8817AD-68AE-4100-84F4-48472F58E0F0}"
EndProject
Project("{FAE04EC0-301F-11D3-BF4B-00C04F79EFBC}") = "ML", "ML\ML.csproj", "{7EE71CEF-DF00-47C6-BFB0-9BD8931EC265}"
EndProject
Project("{FAE04EC0-301F-11D3-BF4B-00C04F79EFBC}") = "PL", "PL\PL.csproj", "{96787A67-3E8D-4DF5-975C-FC043F0F0B32}"
EndProject
Project("{FAE04EC0-301F-11D3-BF4B-00C04F79EFBC}") = "SL", "SL\SL.csproj", "{AEE74505-EF2E-4CDB-ADFB-496DE73CC0BC}"
EndProject
Global
	GlobalSection(SolutionConfigurationPlatforms) = preSolution
		Debug|Any CPU = Debug|Any CPU
		Release|Any CPU = Release|Any CPU
	EndGlobalSection
	GlobalSection(ProjectConfigurationPlatforms) = postSolution
		{0285BC1F-6BDC-4A14-8DCB-C0768FB16AEE}.Debug|Any CPU.ActiveCfg = Debug|Any CPU
		{0285BC1F-6BDC-4A14-8DCB-C0768FB16AEE}.Debug|Any CPU.Build.0 = Debug|Any CPU
		{0285BC1F-6BDC-4A14-8DCB-C0768FB16AEE}.Release|Any CPU.ActiveCfg = Release|Any CPU
		{0285BC1F-6BDC-4A14-8DCB-C0768FB16AEE}.Release|Any CPU.Build.0 = Release|Any CPU
		{1E8817AD-68AE-4100-84F4-48472F58E0F0}.Debug|Any CPU.ActiveCfg = Debug|Any CPU
		{1E8817AD-68AE-4100-84F4-48472F58E0F0}.Debug|Any CPU.Build.0 = Debug|Any CPU
		{1E8817AD-68AE-4100-84F4-48472F58E0F0}.Release|Any CPU.ActiveCfg = Release|Any CPU
		{1E8817AD-68AE-4100-84F4-48472F58E0F0}.Release|Any CPU.Build.0 = Release|Any CPU
		{7EE71CEF-DF00-47C6-BFB0-9BD8931EC265}.Debug|Any CPU.ActiveCfg = Debug|Any CPU
		{7EE71CEF-DF00-47C6-BFB0-9BD8931EC265}.Debug|Any CPU.Build.0 = Debug|Any CPU
		{7EE71CEF-DF00-47C6-BFB0-9BD8931EC265}.Release|Any CPU.ActiveCfg = Release|Any CPU
		{7EE71CEF-DF00-47C6-BFB0-9BD8931EC265}.Release|Any CPU.Build.0 = Release|Any CPU
		{96787A67-3E8D-4DF5-975C-FC043F0F0B32}.Debug|Any CPU.ActiveCfg = Debug|Any CPU
		{96787A67-3E8D-4DF5-975C-FC043F0F0B32}.Debug|Any CPU.Build.0 = Debug|Any CPU
		{96787A67-3E8D-4DF5-975C-FC043F0F0B32}.Release|Any CPU.ActiveCfg = Release|Any CPU
		{96787A67-3E8D-4DF5-975C-FC043F0F0B32}.Release|Any CPU.Build.0 = Release|Any CPU
		{AEE74505-EF2E-4CDB-ADFB-496DE73CC0BC}.Debug|Any CPU.ActiveCfg = Debug|Any CPU
		{AEE74505-EF2E-4CDB-ADFB-496DE73CC0BC}.Debug|Any CPU.Build.0 = Debug|Any CPU
		{AEE74505-EF2E-4CDB-ADFB-496DE73CC0BC}.Release|Any CPU.ActiveCfg = Release|Any CPU
		{AEE74505-EF2E-4CDB-ADFB-496DE73CC0BC}.Release|Any CPU.Build.0 = Release|Any CPU
	EndGlobalSection
	GlobalSection(SolutionProperties) = preSolution
		HideSolutionNode = FALSE
	EndGlobalSection
EndGlobal
